
Microsoft Visual Studio Solution File, Format Version 12.00
# Visual Studio Version 17
VisualStudioVersion = 17.6.33712.159
MinimumVisualStudioVersion = 10.0.40219.1
Project("{FAE04EC0-301F-11D3-BF4B-00C04F79EFBC}") = "BookStoreApi", "BookStoreApi.csproj", "{C279532D-3DDC-41C5-8291-3A9F9D7FEC2A}"
EndProject
Global
	GlobalSection(SolutionConfigurationPlatforms) = preSolution
		Debug|Any CPU = Debug|Any CPU
		Release|Any CPU = Release|Any CPU
	EndGlobalSection
	GlobalSection(ProjectConfigurationPlatforms) = postSolution
		{C279532D-3DDC-41C5-8291-3A9F9D7FEC2A}.Debug|Any CPU.ActiveCfg = Debug|Any CPU
		{C279532D-3DDC-41C5-8291-3A9F9D7FEC2A}.Debug|Any CPU.Build.0 = Debug|Any CPU
		{C279532D-3DDC-41C5-8291-3A9F9D7FEC2A}.Release|Any CPU.ActiveCfg = Release|Any CPU
		{C279532D-3DDC-41C5-8291-3A9F9D7FEC2A}.Release|Any CPU.Build.0 = Release|Any CPU
	EndGlobalSection
	GlobalSection(SolutionProperties) = preSolution
		HideSolutionNode = FALSE
	EndGlobalSection
	GlobalSection(ExtensibilityGlobals) = postSolution
		SolutionGuid = {99341F90-663E-422E-8D59-CB853FBF231E}
	EndGlobalSection
EndGlobal
